# This file is generated by gogradle automatically, you should NEVER modify it manually.
---
apiVersion: "0.6.5"
dependencies:
  build:
  - vcs: "git"
    name: "github.com/klauspost/cpuid"
    commit: "ae7887de9fa5d2db4eaa8174a7eff2c1ac00f2da"
    url: "https://github.com/klauspost/cpuid.git"
    transitive: false
  - vcs: "git"
    name: "github.com/pkg/errors"
    commit: "c605e284fe17294bda444b34710735b29d1a9d90"
    url: "https://github.com/pkg/errors.git"
    transitive: false
  - vcs: "git"
    name: "github.com/klauspost/reedsolomon"
    commit: "48a4fd05f1730dd3ef9c3f9e943f6091d063f2c4"
    url: "https://github.com/klauspost/reedsolomon.git"
    transitive: false
  - vcs: "git"
    name: "golang.org/x/crypto"
    commit: "358f15eacb587b056fc93273b930314a5cda12fe"
    url: "https://go.googlesource.com/crypto"
    transitive: false
  - vcs: "git"
    name: "golang.org/x/sys"
    commit: "d6c3f2be455466eedffcfc91793e2c808b7a7410"
    url: "https://go.googlesource.com/sys"
    transitive: false
  - vcs: "git"
    name: "golang.org/x/text"
    commit: "3bd178b88a8180be2df394a1fbb81313916f0e7b"
    url: "https://go.googlesource.com/text"
    transitive: false
  - vcs: "git"
    name: "golang.org/x/tools"
    commit: "4e70a1b26a7875f00ca1916637a876b5ffaeec59"
    url: "https://go.googlesource.com/tools"
    transitive: false
  - vcs: "git"
    name: "golang.org/x/net"
    commit: "f5079bd7f6f74e23c4d65efa0f4ce14cbd6a3c0f"
    url: "https://go.googlesource.com/net"
    transitive: false
  - vcs: "git"
    name: "github.com/templexxx/xor"
    commit: "f2042e079fd049eaf95931b0a01075372dc5c568"
    url: "https://github.com/templexxx/xor.git"
    transitive: false
  - vcs: "git"
    name: "github.com/xtaci/kcp-go"
    commit: "edee1a2ac671902c61557b323985202430bf006e"
    url: "https://github.com/xtaci/kcp-go.git"
    transitive: false
  test: []
