# This file is generated by gogradle automatically, you should NEVER modify it manually.
---
apiVersion: "0.6.5"
dependencies:
  build:
  - vcs: "git"
    name: "golang.org/x/exp"
    commit: "be79676510e5ce293c77bb087cdab4796a461bdb"
    url: "https://go.googlesource.com/exp"
    transitive: false
  - vcs: "git"
    name: "github.com/golang/glog"
    commit: "23def4e6c14b4da8ac2ed8007337bc5eb5007998"
    url: "https://github.com/golang/glog.git"
  - vcs: "git"
    name: "github.com/tidwall/grect"
    commit: "ba9a043346eba55344e40d66a5e74cfda3a9d293"
    url: "https://github.com/tidwall/grect.git"
    transitive: false
  - vcs: "git"
    name: "golang.org/x/image"
    commit: "426cfd8eeb6e08ab1932954e09e3c2cb2bc6e36d"
    url: "https://go.googlesource.com/image"
    transitive: false
  - vcs: "git"
    name: "github.com/cznic/lexer"
    commit: "52ae7862082bd9649e03c1c4013a104b37811bfa"
    url: "https://github.com/cznic/lexer.git"
    transitive: false
  - vcs: "git"
    name: "golang.org/x/mobile"
    commit: "683b305bdbdf5901d6d9b094e4948b51a37403a2"
    url: "https://go.googlesource.com/mobile"
    transitive: false
  - vcs: "git"
    name: "github.com/tidwall/match"
    commit: "173748da739a410c5b0b813b956f89ff94730b4c"
    url: "https://github.com/tidwall/match.git"
    transitive: false
  - vcs: "git"
    name: "golang.org/x/crypto"
    commit: "358f15eacb587b056fc93273b930314a5cda12fe"
    url: "https://go.googlesource.com/crypto"
    transitive: false
  - vcs: "git"
    name: "golang.org/x/text"
    commit: "3bd178b88a8180be2df394a1fbb81313916f0e7b"
    url: "https://go.googlesource.com/text"
    transitive: false
  - vcs: "git"
    name: "golang.org/x/tools"
    commit: "4e70a1b26a7875f00ca1916637a876b5ffaeec59"
    url: "https://go.googlesource.com/tools"
    transitive: false
  - vcs: "git"
    name: "github.com/tidwall/rtree"
    commit: "d4a8a3d30d5729f85edfba1745241f3a621d0359"
    url: "https://github.com/tidwall/rtree.git"
    transitive: false
  - vcs: "git"
    name: "github.com/tidwall/gjson"
    commit: "c784c417818f59d6597274642d8ac1d09efc9b01"
    url: "https://github.com/tidwall/gjson.git"
    transitive: false
  - vcs: "git"
    name: "github.com/boltdb/bolt"
    commit: "2f1ce7a837dcb8da3ec595b1dac9d0632f0f99e8"
    url: "https://github.com/boltdb/bolt.git"
    transitive: false
  - vcs: "git"
    name: "github.com/go-chi/chi"
    commit: "25354a53cca531cb2efd3f1d3c565d90ff04d802"
    url: "https://github.com/go-chi/chi.git"
    transitive: false
  - vcs: "git"
    name: "github.com/alexedwards/scs"
    commit: "f36d272d74ecae3d61058d91dc7401715b044ca1"
    url: "https://github.com/alexedwards/scs.git"
    transitive: false
  - vcs: "git"
    name: "github.com/edsrzf/mmap-go"
    commit: "0bce6a6887123b67a60366d2c9fe2dfb74289d2e"
    url: "https://github.com/edsrzf/mmap-go.git"
    transitive: false
  - name: "github.com/go-ini/ini"
    host:
      name: "github.com/aws/aws-sdk-go"
      commit: "ae48d7372b4f879cfe994d7a037a6a822cafdde0"
      url: "https://github.com/aws/aws-sdk-go.git"
      vcs: "git"
    vendorPath: "vendor/github.com/go-ini/ini"
    transitive: false
  - vcs: "git"
    name: "github.com/cznic/zappy"
    commit: "2533cb5b45cc6c07421468ce262899ddc9d53fb7"
    url: "https://github.com/cznic/zappy.git"
    transitive: false
  - vcs: "git"
    name: "github.com/go-chi/render"
    commit: "9f855fadd4b8cde7773f9ef51f6b2705af239519"
    url: "https://github.com/go-chi/render.git"
    transitive: false
  - vcs: "git"
    name: "github.com/go-sql-driver/mysql"
    commit: "3955978caca48c1658a4bb7a9c6a0f084e326af3"
    url: "https://github.com/go-sql-driver/mysql.git"
    transitive: false
  - vcs: "git"
    name: "github.com/cznic/ql"
    commit: "ba9eea98e3d20b3485b5b3d4a77775ee8bdd5387"
    url: "https://github.com/cznic/ql.git"
    transitive: false
  - vcs: "git"
    name: "github.com/cznic/lex"
    commit: "68050f59b71a42ca5b94e7b832e5bc2cdb48af66"
    url: "https://github.com/cznic/lex.git"
    transitive: false
  - vcs: "git"
    name: "github.com/cznic/sortutil"
    commit: "4c7342852e65c2088c981288f2c5610d10b9f7f4"
    url: "https://github.com/cznic/sortutil.git"
    transitive: false
  - vcs: "git"
    name: "github.com/BurntSushi/xgb"
    commit: "27f122750802c950b2c869a5b63dafcf590ced95"
    url: "https://github.com/BurntSushi/xgb.git"
    transitive: false
  - vcs: "git"
    name: "github.com/cznic/internal"
    commit: "6c349f9353aa71ded7ed92820816fab0bef1784b"
    url: "https://github.com/cznic/internal.git"
    transitive: false
  - vcs: "git"
    name: "github.com/lib/pq"
    commit: "dd1fe2071026ce53f36a39112e645b4d4f5793a4"
    url: "https://github.com/lib/pq.git"
    transitive: false
  - vcs: "git"
    name: "github.com/remyoudompheng/bigfft"
    commit: "3d026bcc706130eda85f7c87630dbefb9348ce75"
    url: "https://github.com/remyoudompheng/bigfft.git"
    transitive: false
  - vcs: "git"
    name: "golang.org/x/sys"
    commit: "d6c3f2be455466eedffcfc91793e2c808b7a7410"
    url: "https://go.googlesource.com/sys"
    transitive: false
  - vcs: "git"
    name: "github.com/cznic/strutil"
    commit: "43a89592ed56c227c7fdb1fcaf7d1d08be02ec54"
    url: "https://github.com/cznic/strutil.git"
    transitive: false
  - vcs: "git"
    name: "github.com/tidwall/btree"
    commit: "9876f1454cf0993a53d74c27196993e345f50dd1"
    url: "https://github.com/tidwall/btree.git"
    transitive: false
  - name: "github.com/jmespath/go-jmespath"
    host:
      name: "github.com/aws/aws-sdk-go"
      commit: "ae48d7372b4f879cfe994d7a037a6a822cafdde0"
      url: "https://github.com/aws/aws-sdk-go.git"
      vcs: "git"
    vendorPath: "vendor/github.com/jmespath/go-jmespath"
    transitive: false
  - vcs: "git"
    name: "github.com/patrickmn/go-cache"
    commit: "a3647f8e31d79543b2d0f0ae2fe5c379d72cedc0"
    url: "https://github.com/patrickmn/go-cache.git"
    transitive: false
  - vcs: "git"
    name: "github.com/cznic/mathutil"
    commit: "6baf61e0317058e3207936f50e310bd500fbbdb0"
    url: "https://github.com/cznic/mathutil.git"
    transitive: false
  - vcs: "git"
    name: "github.com/cznic/lldb"
    commit: "bea8611dd5c407f3c5eab9f9c68e887a27dc6f0e"
    url: "https://github.com/cznic/lldb.git"
    transitive: false
  - vcs: "git"
    name: "github.com/aws/aws-sdk-go"
    commit: "ae48d7372b4f879cfe994d7a037a6a822cafdde0"
    url: "https://github.com/aws/aws-sdk-go.git"
    transitive: false
  - vcs: "git"
    name: "github.com/go-chi/docgen"
    commit: "4593a72b117bd2befd826648331c3b71603255cb"
    url: "https://github.com/go-chi/docgen.git"
    transitive: false
  - vcs: "git"
    name: "github.com/cznic/b"
    commit: "6955404bf550e1eae1bf83121739078b027f4547"
    url: "https://github.com/cznic/b.git"
    transitive: false
  - vcs: "git"
    name: "github.com/cznic/fileutil"
    commit: "90cf820aafe8f7df39416fdbb932029ff99bd1ab"
    url: "https://github.com/cznic/fileutil.git"
    transitive: false
  - vcs: "git"
    name: "github.com/cznic/golex"
    commit: "bf735513f8e2b6ebfd4ca305ff26e58c89c847f7"
    url: "https://github.com/cznic/golex.git"
    transitive: false
  - vcs: "git"
    name: "github.com/garyburd/redigo"
    commit: "9e66b83d15a259978be267d0b61838c42c3904e3"
    url: "https://github.com/garyburd/redigo.git"
    transitive: false
  - vcs: "git"
    name: "github.com/tidwall/buntdb"
    commit: "83418750ee775aa24194606fffe7fec391975a65"
    url: "https://github.com/tidwall/buntdb.git"
    transitive: false
  - vcs: "git"
    name: "golang.org/x/net"
    commit: "f5079bd7f6f74e23c4d65efa0f4ce14cbd6a3c0f"
    url: "https://go.googlesource.com/net"
    transitive: false
  test: []
